
Microsoft Visual Studio Solution File, Format Version 12.00
# Visual Studio 14
VisualStudioVersion = 14.0.25420.1
MinimumVisualStudioVersion = 10.0.40219.1
Project("{FAE04EC0-301F-11D3-BF4B-00C04F79EFBC}") = "happy ticket", "happy ticket\happy ticket.csproj", "{034068CF-E303-4F2B-A77C-C55A413124EC}"
EndProject
Project("{FAE04EC0-301F-11D3-BF4B-00C04F79EFBC}") = "palindrome", "palindrome\palindrome.csproj", "{76487A66-8D52-4568-B3FF-3B91F23ED545}"
EndProject
Project("{FAE04EC0-301F-11D3-BF4B-00C04F79EFBC}") = "Calculator", "Calculator\Calculator.csproj", "{D009C393-0652-4F3B-A2D5-462F9602314A}"
EndProject
Project("{FAE04EC0-301F-11D3-BF4B-00C04F79EFBC}") = "theory", "theory\theory.csproj", "{B2C3A4D7-1C48-4870-9DB3-8C1E901D33E0}"
EndProject
Project("{FAE04EC0-301F-11D3-BF4B-00C04F79EFBC}") = "happy ticket(methods)", "happy ticket(methods)\happy ticket(methods).csproj", "{4134276E-8EE2-4703-A219-7F6D1D90BB21}"
EndProject
Project("{FAE04EC0-301F-11D3-BF4B-00C04F79EFBC}") = "function_with sin(p 74, №2)", "temp\function_with sin(p 74, №2).csproj", "{8251E040-C8B1-4706-906E-B34F48373176}"
EndProject
Project("{FAE04EC0-301F-11D3-BF4B-00C04F79EFBC}") = "function_with_sin(p 74, №5)", "function_with_sin(p 74, №5)\function_with_sin(p 74, №5).csproj", "{75464EF9-9838-45B2-A7C7-A0A7099E0246}"
EndProject
Project("{FAE04EC0-301F-11D3-BF4B-00C04F79EFBC}") = "perimeter_of_a_trapezoid", "perimeter_of_a_trapezoid\perimeter_of_a_trapezoid.csproj", "{0D380C5E-E1FB-4BCE-B934-63397B647E00}"
EndProject
Project("{FAE04EC0-301F-11D3-BF4B-00C04F79EFBC}") = "perimeter_of_triangle", "perimeter_of_triangle\perimeter_of_triangle.csproj", "{77B6BE5A-81AC-473E-B0FD-7821FD308605}"
EndProject
Project("{FAE04EC0-301F-11D3-BF4B-00C04F79EFBC}") = "area_of_a_Pentagon", "area_of_a_Pentagon\area_of_a_Pentagon.csproj", "{6D99139D-0D0F-4682-90CB-D3D3B4A35CB0}"
EndProject
Project("{FAE04EC0-301F-11D3-BF4B-00C04F79EFBC}") = "max number", "max number\max number.csproj", "{861F28BA-A517-4657-9CDF-C6760E264BDC}"
EndProject
Project("{FAE04EC0-301F-11D3-BF4B-00C04F79EFBC}") = "work with txt file", "work with txt file\work with txt file.csproj", "{31B1C6DF-E3F9-4B00-8519-8E71BC6AEA7A}"
EndProject
Project("{FAE04EC0-301F-11D3-BF4B-00C04F79EFBC}") = "temp1", "temp1\temp1.csproj", "{48916035-E3D6-4494-A5CA-B83652D9BFC7}"
EndProject
Project("{FAE04EC0-301F-11D3-BF4B-00C04F79EFBC}") = "strings", "strings\strings.csproj", "{F19C21EC-E22B-4560-8B5A-2593C4EE29DD}"
EndProject
Project("{FAE04EC0-301F-11D3-BF4B-00C04F79EFBC}") = "Structures5", "Structures\Structures5.csproj", "{23E3D9A9-3FB5-4F19-95DD-9865548E0BFE}"
EndProject
Project("{FAE04EC0-301F-11D3-BF4B-00C04F79EFBC}") = "mm3", "mm3\mm3.csproj", "{5126FE55-3874-4D7B-A5B6-1B464729B72F}"
EndProject
Project("{FAE04EC0-301F-11D3-BF4B-00C04F79EFBC}") = "array_base_1", "array_base_1\array_base_1.csproj", "{AF77752B-98EE-4A04-BD07-3CC61DED2D61}"
EndProject
Global
	GlobalSection(SolutionConfigurationPlatforms) = preSolution
		Debug|Any CPU = Debug|Any CPU
		Release|Any CPU = Release|Any CPU
	EndGlobalSection
	GlobalSection(ProjectConfigurationPlatforms) = postSolution
		{034068CF-E303-4F2B-A77C-C55A413124EC}.Debug|Any CPU.ActiveCfg = Debug|Any CPU
		{034068CF-E303-4F2B-A77C-C55A413124EC}.Debug|Any CPU.Build.0 = Debug|Any CPU
		{034068CF-E303-4F2B-A77C-C55A413124EC}.Release|Any CPU.ActiveCfg = Release|Any CPU
		{034068CF-E303-4F2B-A77C-C55A413124EC}.Release|Any CPU.Build.0 = Release|Any CPU
		{76487A66-8D52-4568-B3FF-3B91F23ED545}.Debug|Any CPU.ActiveCfg = Debug|Any CPU
		{76487A66-8D52-4568-B3FF-3B91F23ED545}.Debug|Any CPU.Build.0 = Debug|Any CPU
		{76487A66-8D52-4568-B3FF-3B91F23ED545}.Release|Any CPU.ActiveCfg = Release|Any CPU
		{76487A66-8D52-4568-B3FF-3B91F23ED545}.Release|Any CPU.Build.0 = Release|Any CPU
		{D009C393-0652-4F3B-A2D5-462F9602314A}.Debug|Any CPU.ActiveCfg = Debug|Any CPU
		{D009C393-0652-4F3B-A2D5-462F9602314A}.Debug|Any CPU.Build.0 = Debug|Any CPU
		{D009C393-0652-4F3B-A2D5-462F9602314A}.Release|Any CPU.ActiveCfg = Release|Any CPU
		{D009C393-0652-4F3B-A2D5-462F9602314A}.Release|Any CPU.Build.0 = Release|Any CPU
		{B2C3A4D7-1C48-4870-9DB3-8C1E901D33E0}.Debug|Any CPU.ActiveCfg = Debug|Any CPU
		{B2C3A4D7-1C48-4870-9DB3-8C1E901D33E0}.Debug|Any CPU.Build.0 = Debug|Any CPU
		{B2C3A4D7-1C48-4870-9DB3-8C1E901D33E0}.Release|Any CPU.ActiveCfg = Release|Any CPU
		{B2C3A4D7-1C48-4870-9DB3-8C1E901D33E0}.Release|Any CPU.Build.0 = Release|Any CPU
		{4134276E-8EE2-4703-A219-7F6D1D90BB21}.Debug|Any CPU.ActiveCfg = Debug|Any CPU
		{4134276E-8EE2-4703-A219-7F6D1D90BB21}.Debug|Any CPU.Build.0 = Debug|Any CPU
		{4134276E-8EE2-4703-A219-7F6D1D90BB21}.Release|Any CPU.ActiveCfg = Release|Any CPU
		{4134276E-8EE2-4703-A219-7F6D1D90BB21}.Release|Any CPU.Build.0 = Release|Any CPU
		{8251E040-C8B1-4706-906E-B34F48373176}.Debug|Any CPU.ActiveCfg = Debug|Any CPU
		{8251E040-C8B1-4706-906E-B34F48373176}.Debug|Any CPU.Build.0 = Debug|Any CPU
		{8251E040-C8B1-4706-906E-B34F48373176}.Release|Any CPU.ActiveCfg = Release|Any CPU
		{8251E040-C8B1-4706-906E-B34F48373176}.Release|Any CPU.Build.0 = Release|Any CPU
		{75464EF9-9838-45B2-A7C7-A0A7099E0246}.Debug|Any CPU.ActiveCfg = Debug|Any CPU
		{75464EF9-9838-45B2-A7C7-A0A7099E0246}.Debug|Any CPU.Build.0 = Debug|Any CPU
		{75464EF9-9838-45B2-A7C7-A0A7099E0246}.Release|Any CPU.ActiveCfg = Release|Any CPU
		{75464EF9-9838-45B2-A7C7-A0A7099E0246}.Release|Any CPU.Build.0 = Release|Any CPU
		{0D380C5E-E1FB-4BCE-B934-63397B647E00}.Debug|Any CPU.ActiveCfg = Debug|Any CPU
		{0D380C5E-E1FB-4BCE-B934-63397B647E00}.Debug|Any CPU.Build.0 = Debug|Any CPU
		{0D380C5E-E1FB-4BCE-B934-63397B647E00}.Release|Any CPU.ActiveCfg = Release|Any CPU
		{0D380C5E-E1FB-4BCE-B934-63397B647E00}.Release|Any CPU.Build.0 = Release|Any CPU
		{77B6BE5A-81AC-473E-B0FD-7821FD308605}.Debug|Any CPU.ActiveCfg = Debug|Any CPU
		{77B6BE5A-81AC-473E-B0FD-7821FD308605}.Debug|Any CPU.Build.0 = Debug|Any CPU
		{77B6BE5A-81AC-473E-B0FD-7821FD308605}.Release|Any CPU.ActiveCfg = Release|Any CPU
		{77B6BE5A-81AC-473E-B0FD-7821FD308605}.Release|Any CPU.Build.0 = Release|Any CPU
		{6D99139D-0D0F-4682-90CB-D3D3B4A35CB0}.Debug|Any CPU.ActiveCfg = Debug|Any CPU
		{6D99139D-0D0F-4682-90CB-D3D3B4A35CB0}.Debug|Any CPU.Build.0 = Debug|Any CPU
		{6D99139D-0D0F-4682-90CB-D3D3B4A35CB0}.Release|Any CPU.ActiveCfg = Release|Any CPU
		{6D99139D-0D0F-4682-90CB-D3D3B4A35CB0}.Release|Any CPU.Build.0 = Release|Any CPU
		{861F28BA-A517-4657-9CDF-C6760E264BDC}.Debug|Any CPU.ActiveCfg = Debug|Any CPU
		{861F28BA-A517-4657-9CDF-C6760E264BDC}.Debug|Any CPU.Build.0 = Debug|Any CPU
		{861F28BA-A517-4657-9CDF-C6760E264BDC}.Release|Any CPU.ActiveCfg = Release|Any CPU
		{861F28BA-A517-4657-9CDF-C6760E264BDC}.Release|Any CPU.Build.0 = Release|Any CPU
		{31B1C6DF-E3F9-4B00-8519-8E71BC6AEA7A}.Debug|Any CPU.ActiveCfg = Debug|Any CPU
		{31B1C6DF-E3F9-4B00-8519-8E71BC6AEA7A}.Debug|Any CPU.Build.0 = Debug|Any CPU
		{31B1C6DF-E3F9-4B00-8519-8E71BC6AEA7A}.Release|Any CPU.ActiveCfg = Release|Any CPU
		{31B1C6DF-E3F9-4B00-8519-8E71BC6AEA7A}.Release|Any CPU.Build.0 = Release|Any CPU
		{48916035-E3D6-4494-A5CA-B83652D9BFC7}.Debug|Any CPU.ActiveCfg = Debug|Any CPU
		{48916035-E3D6-4494-A5CA-B83652D9BFC7}.Debug|Any CPU.Build.0 = Debug|Any CPU
		{48916035-E3D6-4494-A5CA-B83652D9BFC7}.Release|Any CPU.ActiveCfg = Release|Any CPU
		{48916035-E3D6-4494-A5CA-B83652D9BFC7}.Release|Any CPU.Build.0 = Release|Any CPU
		{F19C21EC-E22B-4560-8B5A-2593C4EE29DD}.Debug|Any CPU.ActiveCfg = Debug|Any CPU
		{F19C21EC-E22B-4560-8B5A-2593C4EE29DD}.Debug|Any CPU.Build.0 = Debug|Any CPU
		{F19C21EC-E22B-4560-8B5A-2593C4EE29DD}.Release|Any CPU.ActiveCfg = Release|Any CPU
		{F19C21EC-E22B-4560-8B5A-2593C4EE29DD}.Release|Any CPU.Build.0 = Release|Any CPU
		{23E3D9A9-3FB5-4F19-95DD-9865548E0BFE}.Debug|Any CPU.ActiveCfg = Debug|Any CPU
		{23E3D9A9-3FB5-4F19-95DD-9865548E0BFE}.Debug|Any CPU.Build.0 = Debug|Any CPU
		{23E3D9A9-3FB5-4F19-95DD-9865548E0BFE}.Release|Any CPU.ActiveCfg = Release|Any CPU
		{23E3D9A9-3FB5-4F19-95DD-9865548E0BFE}.Release|Any CPU.Build.0 = Release|Any CPU
		{5126FE55-3874-4D7B-A5B6-1B464729B72F}.Debug|Any CPU.ActiveCfg = Debug|Any CPU
		{5126FE55-3874-4D7B-A5B6-1B464729B72F}.Debug|Any CPU.Build.0 = Debug|Any CPU
		{5126FE55-3874-4D7B-A5B6-1B464729B72F}.Release|Any CPU.ActiveCfg = Release|Any CPU
		{5126FE55-3874-4D7B-A5B6-1B464729B72F}.Release|Any CPU.Build.0 = Release|Any CPU
		{AF77752B-98EE-4A04-BD07-3CC61DED2D61}.Debug|Any CPU.ActiveCfg = Debug|Any CPU
		{AF77752B-98EE-4A04-BD07-3CC61DED2D61}.Debug|Any CPU.Build.0 = Debug|Any CPU
		{AF77752B-98EE-4A04-BD07-3CC61DED2D61}.Release|Any CPU.ActiveCfg = Release|Any CPU
		{AF77752B-98EE-4A04-BD07-3CC61DED2D61}.Release|Any CPU.Build.0 = Release|Any CPU
	EndGlobalSection
	GlobalSection(SolutionProperties) = preSolution
		HideSolutionNode = FALSE
	EndGlobalSection
EndGlobal
